# This file is automatically @generated by Cargo.
# It is not intended for manual editing.
version = 4

[[package]]
name = "slides-animation"
version = "0.1.0"

[[package]]
name = "slides-chart"
version = "0.1.0"

[[package]]
name = "slides-core"
version = "0.1.0"

[[package]]
name = "slides-fixtures"
version = "0.1.0"

[[package]]
name = "slides-i18n"
version = "0.1.0"

[[package]]
name = "slides-media"
version = "0.1.0"

[[package]]
name = "slides-odp"
version = "0.1.0"

[[package]]
name = "slides-pdf"
version = "0.1.0"

[[package]]
name = "slides-pptx"
version = "0.1.0"

[[package]]
name = "slides-render"
version = "0.1.0"

[[package]]
name = "slides-spell"
version = "0.1.0"
